
Microsoft Visual Studio Solution File, Format Version 12.00
# Visual Studio Version 16
VisualStudioVersion = 16.0.30104.148
MinimumVisualStudioVersion = 10.0.40219.1
Project("{FAE04EC0-301F-11D3-BF4B-00C04F79EFBC}") = "NumMethods3", "NumMethods3\NumMethods3.csproj", "{F8B7A2B6-9430-40B4-9428-D426378D4A36}"
EndProject
Global
	GlobalSection(SolutionConfigurationPlatforms) = preSolution
		Debug|Any CPU = Debug|Any CPU
		Release|Any CPU = Release|Any CPU
	EndGlobalSection
	GlobalSection(ProjectConfigurationPlatforms) = postSolution
		{F8B7A2B6-9430-40B4-9428-D426378D4A36}.Debug|Any CPU.ActiveCfg = Debug|Any CPU
		{F8B7A2B6-9430-40B4-9428-D426378D4A36}.Debug|Any CPU.Build.0 = Debug|Any CPU
		{F8B7A2B6-9430-40B4-9428-D426378D4A36}.Release|Any CPU.ActiveCfg = Release|Any CPU
		{F8B7A2B6-9430-40B4-9428-D426378D4A36}.Release|Any CPU.Build.0 = Release|Any CPU
	EndGlobalSection
	GlobalSection(SolutionProperties) = preSolution
		HideSolutionNode = FALSE
	EndGlobalSection
	GlobalSection(ExtensibilityGlobals) = postSolution
		SolutionGuid = {3E7736C2-5545-45A0-9C96-E5E2F090DA0E}
	EndGlobalSection
EndGlobal
