
Microsoft Visual Studio Solution File, Format Version 12.00
# Visual Studio 15
VisualStudioVersion = 15.0.28307.705
MinimumVisualStudioVersion = 10.0.40219.1
Project("{9A19103F-16F7-4668-BE54-9A1E7A4F7556}") = "DependencyInjection", "DependencyInjection\DependencyInjection.csproj", "{FFC67606-AD43-43DC-A464-B5BF5C1538C7}"
EndProject
Project("{9A19103F-16F7-4668-BE54-9A1E7A4F7556}") = "DependencyInjection.Tests", "DependencyInjection.Tests\DependencyInjection.Tests.csproj", "{9191E0E6-5704-4A58-9AEE-A31E07BF41C0}"
EndProject
Global
	GlobalSection(SolutionConfigurationPlatforms) = preSolution
		Debug|Any CPU = Debug|Any CPU
		Release|Any CPU = Release|Any CPU
	EndGlobalSection
	GlobalSection(ProjectConfigurationPlatforms) = postSolution
		{FFC67606-AD43-43DC-A464-B5BF5C1538C7}.Debug|Any CPU.ActiveCfg = Debug|Any CPU
		{FFC67606-AD43-43DC-A464-B5BF5C1538C7}.Debug|Any CPU.Build.0 = Debug|Any CPU
		{FFC67606-AD43-43DC-A464-B5BF5C1538C7}.Release|Any CPU.ActiveCfg = Release|Any CPU
		{FFC67606-AD43-43DC-A464-B5BF5C1538C7}.Release|Any CPU.Build.0 = Release|Any CPU
		{9191E0E6-5704-4A58-9AEE-A31E07BF41C0}.Debug|Any CPU.ActiveCfg = Debug|Any CPU
		{9191E0E6-5704-4A58-9AEE-A31E07BF41C0}.Debug|Any CPU.Build.0 = Debug|Any CPU
		{9191E0E6-5704-4A58-9AEE-A31E07BF41C0}.Release|Any CPU.ActiveCfg = Release|Any CPU
		{9191E0E6-5704-4A58-9AEE-A31E07BF41C0}.Release|Any CPU.Build.0 = Release|Any CPU
	EndGlobalSection
	GlobalSection(SolutionProperties) = preSolution
		HideSolutionNode = FALSE
	EndGlobalSection
	GlobalSection(ExtensibilityGlobals) = postSolution
		SolutionGuid = {77FC2705-8720-4DC6-9C75-E0ADF4DAF497}
	EndGlobalSection
EndGlobal
