
Microsoft Visual Studio Solution File, Format Version 12.00
# Visual Studio Version 16
VisualStudioVersion = 16.0.29102.190
MinimumVisualStudioVersion = 10.0.40219.1
Project("{FAE04EC0-301F-11D3-BF4B-00C04F79EFBC}") = "Task2.2", "Task2.2\Task2.2.csproj", "{616C65A3-8CAA-4AAF-B872-3765FF260E7A}"
EndProject
Global
	GlobalSection(SolutionConfigurationPlatforms) = preSolution
		Debug|Any CPU = Debug|Any CPU
		Release|Any CPU = Release|Any CPU
	EndGlobalSection
	GlobalSection(ProjectConfigurationPlatforms) = postSolution
		{616C65A3-8CAA-4AAF-B872-3765FF260E7A}.Debug|Any CPU.ActiveCfg = Debug|Any CPU
		{616C65A3-8CAA-4AAF-B872-3765FF260E7A}.Debug|Any CPU.Build.0 = Debug|Any CPU
		{616C65A3-8CAA-4AAF-B872-3765FF260E7A}.Release|Any CPU.ActiveCfg = Release|Any CPU
		{616C65A3-8CAA-4AAF-B872-3765FF260E7A}.Release|Any CPU.Build.0 = Release|Any CPU
	EndGlobalSection
	GlobalSection(SolutionProperties) = preSolution
		HideSolutionNode = FALSE
	EndGlobalSection
	GlobalSection(ExtensibilityGlobals) = postSolution
		SolutionGuid = {3C4CC082-BDC0-43AB-B431-67BD3714A628}
	EndGlobalSection
EndGlobal
