
Microsoft Visual Studio Solution File, Format Version 12.00
# Visual Studio Version 16
VisualStudioVersion = 16.0.29403.142
MinimumVisualStudioVersion = 10.0.40219.1
Project("{FAE04EC0-301F-11D3-BF4B-00C04F79EFBC}") = "CG_Task5", "CG_Task5\CG_Task5.csproj", "{4E21D9F5-487F-4519-B5A3-04C45F215788}"
EndProject
Global
	GlobalSection(SolutionConfigurationPlatforms) = preSolution
		Debug|Any CPU = Debug|Any CPU
		Release|Any CPU = Release|Any CPU
	EndGlobalSection
	GlobalSection(ProjectConfigurationPlatforms) = postSolution
		{4E21D9F5-487F-4519-B5A3-04C45F215788}.Debug|Any CPU.ActiveCfg = Debug|Any CPU
		{4E21D9F5-487F-4519-B5A3-04C45F215788}.Debug|Any CPU.Build.0 = Debug|Any CPU
		{4E21D9F5-487F-4519-B5A3-04C45F215788}.Release|Any CPU.ActiveCfg = Release|Any CPU
		{4E21D9F5-487F-4519-B5A3-04C45F215788}.Release|Any CPU.Build.0 = Release|Any CPU
	EndGlobalSection
	GlobalSection(SolutionProperties) = preSolution
		HideSolutionNode = FALSE
	EndGlobalSection
	GlobalSection(ExtensibilityGlobals) = postSolution
		SolutionGuid = {01F219A7-228D-4584-BF6A-24323A49BFF1}
	EndGlobalSection
EndGlobal
