
Microsoft Visual Studio Solution File, Format Version 12.00
# Visual Studio Version 16
VisualStudioVersion = 16.0.29709.97
MinimumVisualStudioVersion = 10.0.40219.1
Project("{FAE04EC0-301F-11D3-BF4B-00C04F79EFBC}") = "SecSemTask2_WebServer", "SecSemTask2_WebServer\SecSemTask2_WebServer.csproj", "{3911F419-3A15-4F13-8EC0-856F5671B923}"
EndProject
Project("{FAE04EC0-301F-11D3-BF4B-00C04F79EFBC}") = "Server.UnitTests", "Server.UnitTests\Server.UnitTests.csproj", "{5948EA7D-DA40-4895-8B5D-47C1079F0EA7}"
EndProject
Project("{FAE04EC0-301F-11D3-BF4B-00C04F79EFBC}") = "ServerMain", "ServerMain\ServerMain.csproj", "{8A1B8C5F-CA67-422A-822E-CE8FD9533C0D}"
EndProject
Global
	GlobalSection(SolutionConfigurationPlatforms) = preSolution
		Debug|Any CPU = Debug|Any CPU
		Debug|x64 = Debug|x64
		Main|Any CPU = Main|Any CPU
		Main|x64 = Main|x64
		Release|Any CPU = Release|Any CPU
		Release|x64 = Release|x64
		server|Any CPU = server|Any CPU
		server|x64 = server|x64
	EndGlobalSection
	GlobalSection(ProjectConfigurationPlatforms) = postSolution
		{3911F419-3A15-4F13-8EC0-856F5671B923}.Debug|Any CPU.ActiveCfg = Debug|Any CPU
		{3911F419-3A15-4F13-8EC0-856F5671B923}.Debug|x64.ActiveCfg = Debug|Any CPU
		{3911F419-3A15-4F13-8EC0-856F5671B923}.Debug|x64.Build.0 = Debug|Any CPU
		{3911F419-3A15-4F13-8EC0-856F5671B923}.Main|Any CPU.ActiveCfg = Debug|x86
		{3911F419-3A15-4F13-8EC0-856F5671B923}.Main|x64.ActiveCfg = Debug|Any CPU
		{3911F419-3A15-4F13-8EC0-856F5671B923}.Release|Any CPU.ActiveCfg = Debug|Any CPU
		{3911F419-3A15-4F13-8EC0-856F5671B923}.Release|Any CPU.Build.0 = Debug|Any CPU
		{3911F419-3A15-4F13-8EC0-856F5671B923}.Release|x64.ActiveCfg = Debug|Any CPU
		{3911F419-3A15-4F13-8EC0-856F5671B923}.Release|x64.Build.0 = Debug|Any CPU
		{3911F419-3A15-4F13-8EC0-856F5671B923}.server|Any CPU.ActiveCfg = server|Any CPU
		{3911F419-3A15-4F13-8EC0-856F5671B923}.server|Any CPU.Build.0 = server|Any CPU
		{3911F419-3A15-4F13-8EC0-856F5671B923}.server|x64.ActiveCfg = server|Any CPU
		{3911F419-3A15-4F13-8EC0-856F5671B923}.server|x64.Build.0 = server|Any CPU
		{5948EA7D-DA40-4895-8B5D-47C1079F0EA7}.Debug|Any CPU.ActiveCfg = Release|Any CPU
		{5948EA7D-DA40-4895-8B5D-47C1079F0EA7}.Debug|Any CPU.Build.0 = Release|Any CPU
		{5948EA7D-DA40-4895-8B5D-47C1079F0EA7}.Debug|x64.ActiveCfg = Release|Any CPU
		{5948EA7D-DA40-4895-8B5D-47C1079F0EA7}.Debug|x64.Build.0 = Release|Any CPU
		{5948EA7D-DA40-4895-8B5D-47C1079F0EA7}.Main|Any CPU.ActiveCfg = Release|x86
		{5948EA7D-DA40-4895-8B5D-47C1079F0EA7}.Main|x64.ActiveCfg = Release|Any CPU
		{5948EA7D-DA40-4895-8B5D-47C1079F0EA7}.Release|Any CPU.ActiveCfg = Release|Any CPU
		{5948EA7D-DA40-4895-8B5D-47C1079F0EA7}.Release|x64.ActiveCfg = Release|Any CPU
		{5948EA7D-DA40-4895-8B5D-47C1079F0EA7}.Release|x64.Build.0 = Release|Any CPU
		{5948EA7D-DA40-4895-8B5D-47C1079F0EA7}.server|Any CPU.ActiveCfg = server|Any CPU
		{5948EA7D-DA40-4895-8B5D-47C1079F0EA7}.server|Any CPU.Build.0 = server|Any CPU
		{5948EA7D-DA40-4895-8B5D-47C1079F0EA7}.server|x64.ActiveCfg = server|Any CPU
		{5948EA7D-DA40-4895-8B5D-47C1079F0EA7}.server|x64.Build.0 = server|Any CPU
		{8A1B8C5F-CA67-422A-822E-CE8FD9533C0D}.Debug|Any CPU.ActiveCfg = Debug|Any CPU
		{8A1B8C5F-CA67-422A-822E-CE8FD9533C0D}.Debug|Any CPU.Build.0 = Debug|Any CPU
		{8A1B8C5F-CA67-422A-822E-CE8FD9533C0D}.Debug|x64.ActiveCfg = Debug|Any CPU
		{8A1B8C5F-CA67-422A-822E-CE8FD9533C0D}.Debug|x64.Build.0 = Debug|Any CPU
		{8A1B8C5F-CA67-422A-822E-CE8FD9533C0D}.Main|Any CPU.ActiveCfg = Main|x64
		{8A1B8C5F-CA67-422A-822E-CE8FD9533C0D}.Main|Any CPU.Build.0 = Main|x64
		{8A1B8C5F-CA67-422A-822E-CE8FD9533C0D}.Main|x64.ActiveCfg = Main|x64
		{8A1B8C5F-CA67-422A-822E-CE8FD9533C0D}.Main|x64.Build.0 = Main|x64
		{8A1B8C5F-CA67-422A-822E-CE8FD9533C0D}.Release|Any CPU.ActiveCfg = Release|Any CPU
		{8A1B8C5F-CA67-422A-822E-CE8FD9533C0D}.Release|Any CPU.Build.0 = Release|Any CPU
		{8A1B8C5F-CA67-422A-822E-CE8FD9533C0D}.Release|x64.ActiveCfg = Release|x64
		{8A1B8C5F-CA67-422A-822E-CE8FD9533C0D}.Release|x64.Build.0 = Release|x64
		{8A1B8C5F-CA67-422A-822E-CE8FD9533C0D}.server|Any CPU.ActiveCfg = server|Any CPU
		{8A1B8C5F-CA67-422A-822E-CE8FD9533C0D}.server|Any CPU.Build.0 = server|Any CPU
		{8A1B8C5F-CA67-422A-822E-CE8FD9533C0D}.server|x64.ActiveCfg = Debug|Any CPU
		{8A1B8C5F-CA67-422A-822E-CE8FD9533C0D}.server|x64.Build.0 = Debug|Any CPU
	EndGlobalSection
	GlobalSection(SolutionProperties) = preSolution
		HideSolutionNode = FALSE
	EndGlobalSection
	GlobalSection(ExtensibilityGlobals) = postSolution
		SolutionGuid = {F37038D1-E71C-4BD2-B9BA-7A4BCE65F809}
	EndGlobalSection
EndGlobal
