
Microsoft Visual Studio Solution File, Format Version 12.00
# Visual Studio Version 16
VisualStudioVersion = 16.0.29709.97
MinimumVisualStudioVersion = 10.0.40219.1
Project("{FAE04EC0-301F-11D3-BF4B-00C04F79EFBC}") = "NumMethods1", "NumMethods1\NumMethods1.csproj", "{4D3E5B7B-670A-4E50-9927-7D9E59FBE51A}"
EndProject
Global
	GlobalSection(SolutionConfigurationPlatforms) = preSolution
		Debug|Any CPU = Debug|Any CPU
		Release|Any CPU = Release|Any CPU
	EndGlobalSection
	GlobalSection(ProjectConfigurationPlatforms) = postSolution
		{4D3E5B7B-670A-4E50-9927-7D9E59FBE51A}.Debug|Any CPU.ActiveCfg = Debug|Any CPU
		{4D3E5B7B-670A-4E50-9927-7D9E59FBE51A}.Debug|Any CPU.Build.0 = Debug|Any CPU
		{4D3E5B7B-670A-4E50-9927-7D9E59FBE51A}.Release|Any CPU.ActiveCfg = Release|Any CPU
		{4D3E5B7B-670A-4E50-9927-7D9E59FBE51A}.Release|Any CPU.Build.0 = Release|Any CPU
	EndGlobalSection
	GlobalSection(SolutionProperties) = preSolution
		HideSolutionNode = FALSE
	EndGlobalSection
	GlobalSection(ExtensibilityGlobals) = postSolution
		SolutionGuid = {4AC4B858-FC77-440C-AB4E-0B97D2E55A96}
	EndGlobalSection
EndGlobal
