
Microsoft Visual Studio Solution File, Format Version 12.00
# Visual Studio Version 16
VisualStudioVersion = 16.0.29503.13
MinimumVisualStudioVersion = 10.0.40219.1
Project("{FAE04EC0-301F-11D3-BF4B-00C04F79EFBC}") = "STP_Task6", "STP_Task6\STP_Task6.csproj", "{231FA9B0-ADAD-47D9-9E06-EA223C5E9EC6}"
EndProject
Project("{FAE04EC0-301F-11D3-BF4B-00C04F79EFBC}") = "STP_Task6_Winform", "STP_Task6_Winform\STP_Task6_Winform.csproj", "{45B68B8D-3679-48EF-B464-B293E644855F}"
EndProject
Global
	GlobalSection(SolutionConfigurationPlatforms) = preSolution
		Debug|Any CPU = Debug|Any CPU
		Release|Any CPU = Release|Any CPU
	EndGlobalSection
	GlobalSection(ProjectConfigurationPlatforms) = postSolution
		{231FA9B0-ADAD-47D9-9E06-EA223C5E9EC6}.Debug|Any CPU.ActiveCfg = Debug|Any CPU
		{231FA9B0-ADAD-47D9-9E06-EA223C5E9EC6}.Debug|Any CPU.Build.0 = Debug|Any CPU
		{231FA9B0-ADAD-47D9-9E06-EA223C5E9EC6}.Release|Any CPU.ActiveCfg = Release|Any CPU
		{231FA9B0-ADAD-47D9-9E06-EA223C5E9EC6}.Release|Any CPU.Build.0 = Release|Any CPU
		{45B68B8D-3679-48EF-B464-B293E644855F}.Debug|Any CPU.ActiveCfg = Debug|Any CPU
		{45B68B8D-3679-48EF-B464-B293E644855F}.Debug|Any CPU.Build.0 = Debug|Any CPU
		{45B68B8D-3679-48EF-B464-B293E644855F}.Release|Any CPU.ActiveCfg = Release|Any CPU
		{45B68B8D-3679-48EF-B464-B293E644855F}.Release|Any CPU.Build.0 = Release|Any CPU
	EndGlobalSection
	GlobalSection(SolutionProperties) = preSolution
		HideSolutionNode = FALSE
	EndGlobalSection
	GlobalSection(ExtensibilityGlobals) = postSolution
		SolutionGuid = {25220CE2-0360-4538-BCF7-7945CB003CE1}
	EndGlobalSection
EndGlobal
