
Microsoft Visual Studio Solution File, Format Version 12.00
# Visual Studio Version 16
VisualStudioVersion = 16.0.29403.142
MinimumVisualStudioVersion = 10.0.40219.1
Project("{FAE04EC0-301F-11D3-BF4B-00C04F79EFBC}") = "STP_Task4", "STP_Task4\STP_Task4.csproj", "{AD329BC2-D089-4B4A-A6BC-E303FE0807B5}"
EndProject
Global
	GlobalSection(SolutionConfigurationPlatforms) = preSolution
		Debug|Any CPU = Debug|Any CPU
		Release|Any CPU = Release|Any CPU
	EndGlobalSection
	GlobalSection(ProjectConfigurationPlatforms) = postSolution
		{AD329BC2-D089-4B4A-A6BC-E303FE0807B5}.Debug|Any CPU.ActiveCfg = Debug|Any CPU
		{AD329BC2-D089-4B4A-A6BC-E303FE0807B5}.Debug|Any CPU.Build.0 = Debug|Any CPU
		{AD329BC2-D089-4B4A-A6BC-E303FE0807B5}.Release|Any CPU.ActiveCfg = Release|Any CPU
		{AD329BC2-D089-4B4A-A6BC-E303FE0807B5}.Release|Any CPU.Build.0 = Release|Any CPU
	EndGlobalSection
	GlobalSection(SolutionProperties) = preSolution
		HideSolutionNode = FALSE
	EndGlobalSection
	GlobalSection(ExtensibilityGlobals) = postSolution
		SolutionGuid = {E2E3847D-A54E-4636-904F-6E6BDEF3298D}
	EndGlobalSection
EndGlobal
