
Microsoft Visual Studio Solution File, Format Version 12.00
# Visual Studio Version 16
VisualStudioVersion = 16.0.29709.97
MinimumVisualStudioVersion = 10.0.40219.1
Project("{FAE04EC0-301F-11D3-BF4B-00C04F79EFBC}") = "WindowsFormsApp1", "WindowsFormsApp1\WindowsFormsApp1.csproj", "{5F864B1B-D8C1-43EE-94CD-5B0920D39C11}"
EndProject
Global
	GlobalSection(SolutionConfigurationPlatforms) = preSolution
		Debug|Any CPU = Debug|Any CPU
		Release|Any CPU = Release|Any CPU
	EndGlobalSection
	GlobalSection(ProjectConfigurationPlatforms) = postSolution
		{5F864B1B-D8C1-43EE-94CD-5B0920D39C11}.Debug|Any CPU.ActiveCfg = Debug|Any CPU
		{5F864B1B-D8C1-43EE-94CD-5B0920D39C11}.Debug|Any CPU.Build.0 = Debug|Any CPU
		{5F864B1B-D8C1-43EE-94CD-5B0920D39C11}.Release|Any CPU.ActiveCfg = Release|Any CPU
		{5F864B1B-D8C1-43EE-94CD-5B0920D39C11}.Release|Any CPU.Build.0 = Release|Any CPU
	EndGlobalSection
	GlobalSection(SolutionProperties) = preSolution
		HideSolutionNode = FALSE
	EndGlobalSection
	GlobalSection(ExtensibilityGlobals) = postSolution
		SolutionGuid = {1B1D5058-A845-4BAF-B898-98F0D7799373}
	EndGlobalSection
EndGlobal
