
Microsoft Visual Studio Solution File, Format Version 12.00
# Visual Studio 15
VisualStudioVersion = 15.0.28307.572
MinimumVisualStudioVersion = 10.0.40219.1
Project("{FAE04EC0-301F-11D3-BF4B-00C04F79EFBC}") = "CG_task2", "CG_task2\CG_task2.csproj", "{EEA05CA0-4493-48A9-97CF-44257C65D843}"
EndProject
Global
	GlobalSection(SolutionConfigurationPlatforms) = preSolution
		Debug|Any CPU = Debug|Any CPU
		Release|Any CPU = Release|Any CPU
	EndGlobalSection
	GlobalSection(ProjectConfigurationPlatforms) = postSolution
		{EEA05CA0-4493-48A9-97CF-44257C65D843}.Debug|Any CPU.ActiveCfg = Debug|Any CPU
		{EEA05CA0-4493-48A9-97CF-44257C65D843}.Debug|Any CPU.Build.0 = Debug|Any CPU
		{EEA05CA0-4493-48A9-97CF-44257C65D843}.Release|Any CPU.ActiveCfg = Release|Any CPU
		{EEA05CA0-4493-48A9-97CF-44257C65D843}.Release|Any CPU.Build.0 = Release|Any CPU
	EndGlobalSection
	GlobalSection(SolutionProperties) = preSolution
		HideSolutionNode = FALSE
	EndGlobalSection
	GlobalSection(ExtensibilityGlobals) = postSolution
		SolutionGuid = {10CA25AD-EEEA-4000-AB69-A338D8BF4BA4}
	EndGlobalSection
EndGlobal
