
Microsoft Visual Studio Solution File, Format Version 12.00
# Visual Studio Version 16
VisualStudioVersion = 16.0.29201.188
MinimumVisualStudioVersion = 10.0.40219.1
Project("{FAE04EC0-301F-11D3-BF4B-00C04F79EFBC}") = "CG_Task2", "CG_Task2\CG_Task2.csproj", "{02B66685-F046-4F55-8E42-DB8729CF88E4}"
EndProject
Global
	GlobalSection(SolutionConfigurationPlatforms) = preSolution
		Debug|Any CPU = Debug|Any CPU
		Release|Any CPU = Release|Any CPU
	EndGlobalSection
	GlobalSection(ProjectConfigurationPlatforms) = postSolution
		{02B66685-F046-4F55-8E42-DB8729CF88E4}.Debug|Any CPU.ActiveCfg = Debug|Any CPU
		{02B66685-F046-4F55-8E42-DB8729CF88E4}.Debug|Any CPU.Build.0 = Debug|Any CPU
		{02B66685-F046-4F55-8E42-DB8729CF88E4}.Release|Any CPU.ActiveCfg = Release|Any CPU
		{02B66685-F046-4F55-8E42-DB8729CF88E4}.Release|Any CPU.Build.0 = Release|Any CPU
	EndGlobalSection
	GlobalSection(SolutionProperties) = preSolution
		HideSolutionNode = FALSE
	EndGlobalSection
	GlobalSection(ExtensibilityGlobals) = postSolution
		SolutionGuid = {018C4E59-4B55-4F7B-BFCD-82A6D5D0E9CC}
	EndGlobalSection
EndGlobal
